
Microsoft Visual Studio Solution File, Format Version 12.00
# Visual Studio Version 17
VisualStudioVersion = 17.1.32319.34
MinimumVisualStudioVersion = 10.0.40219.1
Project("{FAE04EC0-301F-11D3-BF4B-00C04F79EFBC}") = "Delegates", "Delegates\Delegates.csproj", "{84E166FD-8033-4AF7-904E-5834B1A9491B}"
EndProject
Global
	GlobalSection(SolutionConfigurationPlatforms) = preSolution
		Debug|Any CPU = Debug|Any CPU
		Release|Any CPU = Release|Any CPU
	EndGlobalSection
	GlobalSection(ProjectConfigurationPlatforms) = postSolution
		{84E166FD-8033-4AF7-904E-5834B1A9491B}.Debug|Any CPU.ActiveCfg = Debug|Any CPU
		{84E166FD-8033-4AF7-904E-5834B1A9491B}.Debug|Any CPU.Build.0 = Debug|Any CPU
		{84E166FD-8033-4AF7-904E-5834B1A9491B}.Release|Any CPU.ActiveCfg = Release|Any CPU
		{84E166FD-8033-4AF7-904E-5834B1A9491B}.Release|Any CPU.Build.0 = Release|Any CPU
	EndGlobalSection
	GlobalSection(SolutionProperties) = preSolution
		HideSolutionNode = FALSE
	EndGlobalSection
	GlobalSection(ExtensibilityGlobals) = postSolution
		SolutionGuid = {917C75E4-5A4C-4824-8A31-51536430A3F4}
	EndGlobalSection
EndGlobal
