
Microsoft Visual Studio Solution File, Format Version 12.00
# Visual Studio Version 17
VisualStudioVersion = 17.1.32319.34
MinimumVisualStudioVersion = 10.0.40219.1
Project("{FAE04EC0-301F-11D3-BF4B-00C04F79EFBC}") = "QueueTemp", "Queue\QueueTemp.csproj", "{F489CC87-778F-4B14-A54F-D819FD24C487}"
EndProject
Project("{FAE04EC0-301F-11D3-BF4B-00C04F79EFBC}") = "TestProject1", "TestProject1\TestProject1.csproj", "{88DA3B64-E102-4E78-B1D9-121A18973943}"
EndProject
Global
	GlobalSection(SolutionConfigurationPlatforms) = preSolution
		Debug|Any CPU = Debug|Any CPU
		Release|Any CPU = Release|Any CPU
	EndGlobalSection
	GlobalSection(ProjectConfigurationPlatforms) = postSolution
		{F489CC87-778F-4B14-A54F-D819FD24C487}.Debug|Any CPU.ActiveCfg = Debug|Any CPU
		{F489CC87-778F-4B14-A54F-D819FD24C487}.Debug|Any CPU.Build.0 = Debug|Any CPU
		{F489CC87-778F-4B14-A54F-D819FD24C487}.Release|Any CPU.ActiveCfg = Release|Any CPU
		{F489CC87-778F-4B14-A54F-D819FD24C487}.Release|Any CPU.Build.0 = Release|Any CPU
		{88DA3B64-E102-4E78-B1D9-121A18973943}.Debug|Any CPU.ActiveCfg = Debug|Any CPU
		{88DA3B64-E102-4E78-B1D9-121A18973943}.Debug|Any CPU.Build.0 = Debug|Any CPU
		{88DA3B64-E102-4E78-B1D9-121A18973943}.Release|Any CPU.ActiveCfg = Release|Any CPU
		{88DA3B64-E102-4E78-B1D9-121A18973943}.Release|Any CPU.Build.0 = Release|Any CPU
	EndGlobalSection
	GlobalSection(SolutionProperties) = preSolution
		HideSolutionNode = FALSE
	EndGlobalSection
	GlobalSection(ExtensibilityGlobals) = postSolution
		SolutionGuid = {04BC6AA5-09C8-4345-B5E7-862F563F95E2}
	EndGlobalSection
EndGlobal
