
Microsoft Visual Studio Solution File, Format Version 12.00
# Visual Studio Version 17
VisualStudioVersion = 17.1.32319.34
MinimumVisualStudioVersion = 10.0.40219.1
Project("{9A19103F-16F7-4668-BE54-9A1E7A4F7556}") = "FractionsFinalVersion", "FractionsFinalVersion\FractionsFinalVersion.csproj", "{0C50F207-B0F6-4682-B771-BA868D2914C0}"
EndProject
Project("{FAE04EC0-301F-11D3-BF4B-00C04F79EFBC}") = "TestProject1", "TestProject1\TestProject1.csproj", "{0974E2B0-99FC-4318-B424-544D32B662D8}"
EndProject
Global
	GlobalSection(SolutionConfigurationPlatforms) = preSolution
		Debug|Any CPU = Debug|Any CPU
		Release|Any CPU = Release|Any CPU
	EndGlobalSection
	GlobalSection(ProjectConfigurationPlatforms) = postSolution
		{0C50F207-B0F6-4682-B771-BA868D2914C0}.Debug|Any CPU.ActiveCfg = Debug|Any CPU
		{0C50F207-B0F6-4682-B771-BA868D2914C0}.Debug|Any CPU.Build.0 = Debug|Any CPU
		{0C50F207-B0F6-4682-B771-BA868D2914C0}.Release|Any CPU.ActiveCfg = Release|Any CPU
		{0C50F207-B0F6-4682-B771-BA868D2914C0}.Release|Any CPU.Build.0 = Release|Any CPU
		{0974E2B0-99FC-4318-B424-544D32B662D8}.Debug|Any CPU.ActiveCfg = Debug|Any CPU
		{0974E2B0-99FC-4318-B424-544D32B662D8}.Debug|Any CPU.Build.0 = Debug|Any CPU
		{0974E2B0-99FC-4318-B424-544D32B662D8}.Release|Any CPU.ActiveCfg = Release|Any CPU
		{0974E2B0-99FC-4318-B424-544D32B662D8}.Release|Any CPU.Build.0 = Release|Any CPU
	EndGlobalSection
	GlobalSection(SolutionProperties) = preSolution
		HideSolutionNode = FALSE
	EndGlobalSection
	GlobalSection(ExtensibilityGlobals) = postSolution
		SolutionGuid = {5D7C6D92-00BD-44AB-9BBA-C58A472F7994}
	EndGlobalSection
EndGlobal
